
Microsoft Visual Studio Solution File, Format Version 12.00
# Visual Studio 15
VisualStudioVersion = 15.0.27703.2018
MinimumVisualStudioVersion = 10.0.40219.1
Project("{FAE04EC0-301F-11D3-BF4B-00C04F79EFBC}") = "bookOlx.Android", "bookOlx\bookOlx.Android\bookOlx.Android.csproj", "{11C63010-972C-4A92-B1D8-D01935F0AF8D}"
EndProject
Project("{FAE04EC0-301F-11D3-BF4B-00C04F79EFBC}") = "bookOlx.iOS", "bookOlx\bookOlx.iOS\bookOlx.iOS.csproj", "{951BD5AA-493F-4A35-8A03-F1F70C062E3D}"
EndProject
Project("{FAE04EC0-301F-11D3-BF4B-00C04F79EFBC}") = "bookOlx", "bookOlx\bookOlx\bookOlx.csproj", "{7DC0C68B-4386-45E6-B007-7CBD7493650B}"
EndProject
Global
	GlobalSection(SolutionConfigurationPlatforms) = preSolution
		Ad-Hoc|Any CPU = Ad-Hoc|Any CPU
		Ad-Hoc|iPhone = Ad-Hoc|iPhone
		Ad-Hoc|iPhoneSimulator = Ad-Hoc|iPhoneSimulator
		AppStore|Any CPU = AppStore|Any CPU
		AppStore|iPhone = AppStore|iPhone
		AppStore|iPhoneSimulator = AppStore|iPhoneSimulator
		Debug|Any CPU = Debug|Any CPU
		Debug|iPhone = Debug|iPhone
		Debug|iPhoneSimulator = Debug|iPhoneSimulator
		Release|Any CPU = Release|Any CPU
		Release|iPhone = Release|iPhone
		Release|iPhoneSimulator = Release|iPhoneSimulator
	EndGlobalSection
	GlobalSection(ProjectConfigurationPlatforms) = postSolution
		{11C63010-972C-4A92-B1D8-D01935F0AF8D}.Ad-Hoc|Any CPU.ActiveCfg = Release|Any CPU
		{11C63010-972C-4A92-B1D8-D01935F0AF8D}.Ad-Hoc|Any CPU.Build.0 = Release|Any CPU
		{11C63010-972C-4A92-B1D8-D01935F0AF8D}.Ad-Hoc|Any CPU.Deploy.0 = Release|Any CPU
		{11C63010-972C-4A92-B1D8-D01935F0AF8D}.Ad-Hoc|iPhone.ActiveCfg = Release|Any CPU
		{11C63010-972C-4A92-B1D8-D01935F0AF8D}.Ad-Hoc|iPhone.Build.0 = Release|Any CPU
		{11C63010-972C-4A92-B1D8-D01935F0AF8D}.Ad-Hoc|iPhone.Deploy.0 = Release|Any CPU
		{11C63010-972C-4A92-B1D8-D01935F0AF8D}.Ad-Hoc|iPhoneSimulator.ActiveCfg = Release|Any CPU
		{11C63010-972C-4A92-B1D8-D01935F0AF8D}.Ad-Hoc|iPhoneSimulator.Build.0 = Release|Any CPU
		{11C63010-972C-4A92-B1D8-D01935F0AF8D}.Ad-Hoc|iPhoneSimulator.Deploy.0 = Release|Any CPU
		{11C63010-972C-4A92-B1D8-D01935F0AF8D}.AppStore|Any CPU.ActiveCfg = Release|Any CPU
		{11C63010-972C-4A92-B1D8-D01935F0AF8D}.AppStore|Any CPU.Build.0 = Release|Any CPU
		{11C63010-972C-4A92-B1D8-D01935F0AF8D}.AppStore|Any CPU.Deploy.0 = Release|Any CPU
		{11C63010-972C-4A92-B1D8-D01935F0AF8D}.AppStore|iPhone.ActiveCfg = Release|Any CPU
		{11C63010-972C-4A92-B1D8-D01935F0AF8D}.AppStore|iPhone.Build.0 = Release|Any CPU
		{11C63010-972C-4A92-B1D8-D01935F0AF8D}.AppStore|iPhone.Deploy.0 = Release|Any CPU
		{11C63010-972C-4A92-B1D8-D01935F0AF8D}.AppStore|iPhoneSimulator.ActiveCfg = Release|Any CPU
		{11C63010-972C-4A92-B1D8-D01935F0AF8D}.AppStore|iPhoneSimulator.Build.0 = Release|Any CPU
		{11C63010-972C-4A92-B1D8-D01935F0AF8D}.AppStore|iPhoneSimulator.Deploy.0 = Release|Any CPU
		{11C63010-972C-4A92-B1D8-D01935F0AF8D}.Debug|Any CPU.ActiveCfg = Debug|Any CPU
		{11C63010-972C-4A92-B1D8-D01935F0AF8D}.Debug|Any CPU.Build.0 = Debug|Any CPU
		{11C63010-972C-4A92-B1D8-D01935F0AF8D}.Debug|Any CPU.Deploy.0 = Debug|Any CPU
		{11C63010-972C-4A92-B1D8-D01935F0AF8D}.Debug|iPhone.ActiveCfg = Debug|Any CPU
		{11C63010-972C-4A92-B1D8-D01935F0AF8D}.Debug|iPhone.Build.0 = Debug|Any CPU
		{11C63010-972C-4A92-B1D8-D01935F0AF8D}.Debug|iPhone.Deploy.0 = Debug|Any CPU
		{11C63010-972C-4A92-B1D8-D01935F0AF8D}.Debug|iPhoneSimulator.ActiveCfg = Debug|Any CPU
		{11C63010-972C-4A92-B1D8-D01935F0AF8D}.Debug|iPhoneSimulator.Build.0 = Debug|Any CPU
		{11C63010-972C-4A92-B1D8-D01935F0AF8D}.Debug|iPhoneSimulator.Deploy.0 = Debug|Any CPU
		{11C63010-972C-4A92-B1D8-D01935F0AF8D}.Release|Any CPU.ActiveCfg = Release|Any CPU
		{11C63010-972C-4A92-B1D8-D01935F0AF8D}.Release|Any CPU.Build.0 = Release|Any CPU
		{11C63010-972C-4A92-B1D8-D01935F0AF8D}.Release|Any CPU.Deploy.0 = Release|Any CPU
		{11C63010-972C-4A92-B1D8-D01935F0AF8D}.Release|iPhone.ActiveCfg = Release|Any CPU
		{11C63010-972C-4A92-B1D8-D01935F0AF8D}.Release|iPhone.Build.0 = Release|Any CPU
		{11C63010-972C-4A92-B1D8-D01935F0AF8D}.Release|iPhone.Deploy.0 = Release|Any CPU
		{11C63010-972C-4A92-B1D8-D01935F0AF8D}.Release|iPhoneSimulator.ActiveCfg = Release|Any CPU
		{11C63010-972C-4A92-B1D8-D01935F0AF8D}.Release|iPhoneSimulator.Build.0 = Release|Any CPU
		{11C63010-972C-4A92-B1D8-D01935F0AF8D}.Release|iPhoneSimulator.Deploy.0 = Release|Any CPU
		{951BD5AA-493F-4A35-8A03-F1F70C062E3D}.Ad-Hoc|Any CPU.ActiveCfg = Ad-Hoc|iPhone
		{951BD5AA-493F-4A35-8A03-F1F70C062E3D}.Ad-Hoc|Any CPU.Build.0 = Ad-Hoc|iPhone
		{951BD5AA-493F-4A35-8A03-F1F70C062E3D}.Ad-Hoc|Any CPU.Deploy.0 = Ad-Hoc|iPhone
		{951BD5AA-493F-4A35-8A03-F1F70C062E3D}.Ad-Hoc|iPhone.ActiveCfg = Ad-Hoc|iPhone
		{951BD5AA-493F-4A35-8A03-F1F70C062E3D}.Ad-Hoc|iPhone.Build.0 = Ad-Hoc|iPhone
		{951BD5AA-493F-4A35-8A03-F1F70C062E3D}.Ad-Hoc|iPhone.Deploy.0 = Ad-Hoc|iPhone
		{951BD5AA-493F-4A35-8A03-F1F70C062E3D}.Ad-Hoc|iPhoneSimulator.ActiveCfg = Ad-Hoc|iPhoneSimulator
		{951BD5AA-493F-4A35-8A03-F1F70C062E3D}.Ad-Hoc|iPhoneSimulator.Build.0 = Ad-Hoc|iPhoneSimulator
		{951BD5AA-493F-4A35-8A03-F1F70C062E3D}.Ad-Hoc|iPhoneSimulator.Deploy.0 = Ad-Hoc|iPhoneSimulator
		{951BD5AA-493F-4A35-8A03-F1F70C062E3D}.AppStore|Any CPU.ActiveCfg = AppStore|iPhone
		{951BD5AA-493F-4A35-8A03-F1F70C062E3D}.AppStore|Any CPU.Build.0 = AppStore|iPhone
		{951BD5AA-493F-4A35-8A03-F1F70C062E3D}.AppStore|Any CPU.Deploy.0 = AppStore|iPhone
		{951BD5AA-493F-4A35-8A03-F1F70C062E3D}.AppStore|iPhone.ActiveCfg = AppStore|iPhone
		{951BD5AA-493F-4A35-8A03-F1F70C062E3D}.AppStore|iPhone.Build.0 = AppStore|iPhone
		{951BD5AA-493F-4A35-8A03-F1F70C062E3D}.AppStore|iPhone.Deploy.0 = AppStore|iPhone
		{951BD5AA-493F-4A35-8A03-F1F70C062E3D}.AppStore|iPhoneSimulator.ActiveCfg = AppStore|iPhoneSimulator
		{951BD5AA-493F-4A35-8A03-F1F70C062E3D}.AppStore|iPhoneSimulator.Build.0 = AppStore|iPhoneSimulator
		{951BD5AA-493F-4A35-8A03-F1F70C062E3D}.AppStore|iPhoneSimulator.Deploy.0 = AppStore|iPhoneSimulator
		{951BD5AA-493F-4A35-8A03-F1F70C062E3D}.Debug|Any CPU.ActiveCfg = Debug|iPhoneSimulator
		{951BD5AA-493F-4A35-8A03-F1F70C062E3D}.Debug|Any CPU.Build.0 = Debug|iPhoneSimulator
		{951BD5AA-493F-4A35-8A03-F1F70C062E3D}.Debug|Any CPU.Deploy.0 = Debug|iPhoneSimulator
		{951BD5AA-493F-4A35-8A03-F1F70C062E3D}.Debug|iPhone.ActiveCfg = Debug|iPhone
		{951BD5AA-493F-4A35-8A03-F1F70C062E3D}.Debug|iPhone.Build.0 = Debug|iPhone
		{951BD5AA-493F-4A35-8A03-F1F70C062E3D}.Debug|iPhone.Deploy.0 = Debug|iPhone
		{951BD5AA-493F-4A35-8A03-F1F70C062E3D}.Debug|iPhoneSimulator.ActiveCfg = Debug|iPhoneSimulator
		{951BD5AA-493F-4A35-8A03-F1F70C062E3D}.Debug|iPhoneSimulator.Build.0 = Debug|iPhoneSimulator
		{951BD5AA-493F-4A35-8A03-F1F70C062E3D}.Debug|iPhoneSimulator.Deploy.0 = Debug|iPhoneSimulator
		{951BD5AA-493F-4A35-8A03-F1F70C062E3D}.Release|Any CPU.ActiveCfg = Release|iPhone
		{951BD5AA-493F-4A35-8A03-F1F70C062E3D}.Release|Any CPU.Build.0 = Release|iPhone
		{951BD5AA-493F-4A35-8A03-F1F70C062E3D}.Release|Any CPU.Deploy.0 = Release|iPhone
		{951BD5AA-493F-4A35-8A03-F1F70C062E3D}.Release|iPhone.ActiveCfg = Release|iPhone
		{951BD5AA-493F-4A35-8A03-F1F70C062E3D}.Release|iPhone.Build.0 = Release|iPhone
		{951BD5AA-493F-4A35-8A03-F1F70C062E3D}.Release|iPhone.Deploy.0 = Release|iPhone
		{951BD5AA-493F-4A35-8A03-F1F70C062E3D}.Release|iPhoneSimulator.ActiveCfg = Release|iPhoneSimulator
		{951BD5AA-493F-4A35-8A03-F1F70C062E3D}.Release|iPhoneSimulator.Build.0 = Release|iPhoneSimulator
		{951BD5AA-493F-4A35-8A03-F1F70C062E3D}.Release|iPhoneSimulator.Deploy.0 = Release|iPhoneSimulator
		{7DC0C68B-4386-45E6-B007-7CBD7493650B}.Ad-Hoc|Any CPU.ActiveCfg = Debug|Any CPU
		{7DC0C68B-4386-45E6-B007-7CBD7493650B}.Ad-Hoc|Any CPU.Build.0 = Debug|Any CPU
		{7DC0C68B-4386-45E6-B007-7CBD7493650B}.Ad-Hoc|Any CPU.Deploy.0 = Debug|Any CPU
		{7DC0C68B-4386-45E6-B007-7CBD7493650B}.Ad-Hoc|iPhone.ActiveCfg = Debug|Any CPU
		{7DC0C68B-4386-45E6-B007-7CBD7493650B}.Ad-Hoc|iPhone.Build.0 = Debug|Any CPU
		{7DC0C68B-4386-45E6-B007-7CBD7493650B}.Ad-Hoc|iPhone.Deploy.0 = Debug|Any CPU
		{7DC0C68B-4386-45E6-B007-7CBD7493650B}.Ad-Hoc|iPhoneSimulator.ActiveCfg = Debug|Any CPU
		{7DC0C68B-4386-45E6-B007-7CBD7493650B}.Ad-Hoc|iPhoneSimulator.Build.0 = Debug|Any CPU
		{7DC0C68B-4386-45E6-B007-7CBD7493650B}.Ad-Hoc|iPhoneSimulator.Deploy.0 = Debug|Any CPU
		{7DC0C68B-4386-45E6-B007-7CBD7493650B}.AppStore|Any CPU.ActiveCfg = Debug|Any CPU
		{7DC0C68B-4386-45E6-B007-7CBD7493650B}.AppStore|Any CPU.Build.0 = Debug|Any CPU
		{7DC0C68B-4386-45E6-B007-7CBD7493650B}.AppStore|Any CPU.Deploy.0 = Debug|Any CPU
		{7DC0C68B-4386-45E6-B007-7CBD7493650B}.AppStore|iPhone.ActiveCfg = Debug|Any CPU
		{7DC0C68B-4386-45E6-B007-7CBD7493650B}.AppStore|iPhone.Build.0 = Debug|Any CPU
		{7DC0C68B-4386-45E6-B007-7CBD7493650B}.AppStore|iPhone.Deploy.0 = Debug|Any CPU
		{7DC0C68B-4386-45E6-B007-7CBD7493650B}.AppStore|iPhoneSimulator.ActiveCfg = Debug|Any CPU
		{7DC0C68B-4386-45E6-B007-7CBD7493650B}.AppStore|iPhoneSimulator.Build.0 = Debug|Any CPU
		{7DC0C68B-4386-45E6-B007-7CBD7493650B}.AppStore|iPhoneSimulator.Deploy.0 = Debug|Any CPU
		{7DC0C68B-4386-45E6-B007-7CBD7493650B}.Debug|Any CPU.ActiveCfg = Debug|Any CPU
		{7DC0C68B-4386-45E6-B007-7CBD7493650B}.Debug|Any CPU.Build.0 = Debug|Any CPU
		{7DC0C68B-4386-45E6-B007-7CBD7493650B}.Debug|Any CPU.Deploy.0 = Debug|Any CPU
		{7DC0C68B-4386-45E6-B007-7CBD7493650B}.Debug|iPhone.ActiveCfg = Debug|Any CPU
		{7DC0C68B-4386-45E6-B007-7CBD7493650B}.Debug|iPhone.Build.0 = Debug|Any CPU
		{7DC0C68B-4386-45E6-B007-7CBD7493650B}.Debug|iPhone.Deploy.0 = Debug|Any CPU
		{7DC0C68B-4386-45E6-B007-7CBD7493650B}.Debug|iPhoneSimulator.ActiveCfg = Debug|Any CPU
		{7DC0C68B-4386-45E6-B007-7CBD7493650B}.Debug|iPhoneSimulator.Build.0 = Debug|Any CPU
		{7DC0C68B-4386-45E6-B007-7CBD7493650B}.Debug|iPhoneSimulator.Deploy.0 = Debug|Any CPU
		{7DC0C68B-4386-45E6-B007-7CBD7493650B}.Release|Any CPU.ActiveCfg = Release|Any CPU
		{7DC0C68B-4386-45E6-B007-7CBD7493650B}.Release|Any CPU.Build.0 = Release|Any CPU
		{7DC0C68B-4386-45E6-B007-7CBD7493650B}.Release|Any CPU.Deploy.0 = Release|Any CPU
		{7DC0C68B-4386-45E6-B007-7CBD7493650B}.Release|iPhone.ActiveCfg = Release|Any CPU
		{7DC0C68B-4386-45E6-B007-7CBD7493650B}.Release|iPhone.Build.0 = Release|Any CPU
		{7DC0C68B-4386-45E6-B007-7CBD7493650B}.Release|iPhone.Deploy.0 = Release|Any CPU
		{7DC0C68B-4386-45E6-B007-7CBD7493650B}.Release|iPhoneSimulator.ActiveCfg = Release|Any CPU
		{7DC0C68B-4386-45E6-B007-7CBD7493650B}.Release|iPhoneSimulator.Build.0 = Release|Any CPU
		{7DC0C68B-4386-45E6-B007-7CBD7493650B}.Release|iPhoneSimulator.Deploy.0 = Release|Any CPU
	EndGlobalSection
	GlobalSection(SolutionProperties) = preSolution
		HideSolutionNode = FALSE
	EndGlobalSection
	GlobalSection(ExtensibilityGlobals) = postSolution
		SolutionGuid = {9E203ADD-BD92-483A-9786-B883441CEF8D}
	EndGlobalSection
EndGlobal
